lockfileVersion: '6.0'

settings:
  autoInstallPeers: true
  excludeLinksFromLockfile: false

dependencies:
  '@cspotcode/zx':
    specifier: ^6.1.2
    version: 6.1.2
  '@types/node':
    specifier: ^20.11.5
    version: 20.11.5
  '@vercel/ncc':
    specifier: ^0.38.1
    version: 0.38.1
  appdata-path:
    specifier: ^1.0.0
    version: 1.0.0
  commander:
    specifier: ^11.1.0
    version: 11.1.0
  fast-glob:
    specifier: ^3.3.2
    version: 3.3.2
  fs-extra:
    specifier: ^11.2.0
    version: 11.2.0
  rimraf:
    specifier: ^5.0.5
    version: 5.0.5
  terminal-kit:
    specifier: ^3.0.1
    version: 3.0.1
  typescript:
    specifier: ^5.3.3
    version: 5.3.3

devDependencies:
  '@types/fs-extra':
    specifier: ^11.0.4
    version: 11.0.4
  '@types/terminal-kit':
    specifier: ^2.5.6
    version: 2.5.6
  cross-env:
    specifier: ^7.0.3
    version: 7.0.3
  nodemon:
    specifier: ^3.0.3
    version: 3.0.3
  ts-node:
    specifier: ^10.9.2
    version: 10.9.2(@types/node@20.11.5)(typescript@5.3.3)

packages:

  /@cronvel/get-pixels@3.4.1:
    resolution: {integrity: sha512-gB5C5nDIacLUdsMuW8YsM9SzK3vaFANe4J11CVXpovpy7bZUGrcJKmc6m/0gWG789pKr6XSZY2aEetjFvSRw5g==}
    dependencies:
      jpeg-js: 0.4.4
      ndarray: 1.0.19
      ndarray-pack: 1.2.1
      node-bitmap: 0.0.1
      omggif: 1.0.10
      pngjs: 6.0.0
    dev: false

  /@cspotcode/source-map-support@0.8.1:
    resolution: {integrity: sha512-IchNf6dN4tHoMFIn/7OE8LWZ19Y6q/67Bmf6vnGREv8RSbBVb9LPJxEcnwrcwX6ixSvaiGoomAUvu4YSxXrVgw==}
    engines: {node: '>=12'}
    dependencies:
      '@jridgewell/trace-mapping': 0.3.9
    dev: true

  /@cspotcode/zx@6.1.2:
    resolution: {integrity: sha512-7+I3YR3fIeHR6BDEpk8d1ulgTXwZMAR+eiA47ALhAz0aPTih86OhSKYMuVL9IAhbIXMjLxPIHYoEbL7P9lLZpw==}
    engines: {node: '>= 16.0.0'}
    hasBin: true
    dependencies:
      '@types/fs-extra': 9.0.13
      '@types/minimist': 1.2.5
      '@types/node': 17.0.45
      '@types/which': 2.0.2
      chalk: 5.3.0
      globby: 13.2.2
      node-fetch: 3.3.1
      yaml: 2.3.4
    dev: false

  /@isaacs/cliui@8.0.2:
    resolution: {integrity: sha512-O8jcjabXaleOG9DQ0+ARXWZBTfnP4WNAqzuiJK7ll44AmxGKv/J2M4TPjxjY3znBCfvBXFzucm1twdyFybFqEA==}
    engines: {node: '>=12'}
    dependencies:
      string-width: 5.1.2
      string-width-cjs: /string-width@4.2.3
      strip-ansi: 7.1.0
      strip-ansi-cjs: /strip-ansi@6.0.1
      wrap-ansi: 8.1.0
      wrap-ansi-cjs: /wrap-ansi@7.0.0
    dev: false

  /@jridgewell/resolve-uri@3.1.1:
    resolution: {integrity: sha512-dSYZh7HhCDtCKm4QakX0xFpsRDqjjtZf/kjI/v3T3Nwt5r8/qz/M19F9ySyOqU94SXBmeG9ttTul+YnR4LOxFA==}
    engines: {node: '>=6.0.0'}
    dev: true

  /@jridgewell/sourcemap-codec@1.4.15:
    resolution: {integrity: sha512-eF2rxCRulEKXHTRiDrDy6erMYWqNw4LPdQ8UQA4huuxaQsVeRPFl2oM8oDGxMFhJUWZf9McpLtJasDDZb/Bpeg==}
    dev: true

  /@jridgewell/trace-mapping@0.3.9:
    resolution: {integrity: sha512-3Belt6tdc8bPgAtbcmdtNJlirVoTmEb5e2gC94PnkwEW9jI6CAHUeoG85tjWP5WquqfavoMtMwiG4P926ZKKuQ==}
    dependencies:
      '@jridgewell/resolve-uri': 3.1.1
      '@jridgewell/sourcemap-codec': 1.4.15
    dev: true

  /@nodelib/fs.scandir@2.1.5:
    resolution: {integrity: sha512-vq24Bq3ym5HEQm2NKCr3yXDwjc7vTsEThRDnkp2DK9p1uqLR+DHurm/NOTo0KG7HYHU7eppKZj3MyqYuMBf62g==}
    engines: {node: '>= 8'}
    dependencies:
      '@nodelib/fs.stat': 2.0.5
      run-parallel: 1.2.0
    dev: false

  /@nodelib/fs.stat@2.0.5:
    resolution: {integrity: sha512-RkhPPp2zrqDAQA/2jNhnztcPAlv64XdhIp7a7454A5ovI7Bukxgt7MX7udwAu3zg1DcpPU0rz3VV1SeaqvY4+A==}
    engines: {node: '>= 8'}
    dev: false

  /@nodelib/fs.walk@1.2.8:
    resolution: {integrity: sha512-oGB+UxlgWcgQkgwo8GcEGwemoTFt3FIO9ababBmaGwXIoBKZ+GTy0pP185beGg7Llih/NSHSV2XAs1lnznocSg==}
    engines: {node: '>= 8'}
    dependencies:
      '@nodelib/fs.scandir': 2.1.5
      fastq: 1.16.0
    dev: false

  /@pkgjs/parseargs@0.11.0:
    resolution: {integrity: sha512-+1VkjdD0QBLPodGrJUeqarH8VAIvQODIbwh9XpP5Syisf7YoQgsJKPNFoqqLQlu+VQ/tVSshMR6loPMn8U+dPg==}
    engines: {node: '>=14'}
    requiresBuild: true
    dev: false
    optional: true

  /@tsconfig/node10@1.0.9:
    resolution: {integrity: sha512-jNsYVVxU8v5g43Erja32laIDHXeoNvFEpX33OK4d6hljo3jDhCBDhx5dhCCTMWUojscpAagGiRkBKxpdl9fxqA==}
    dev: true

  /@tsconfig/node12@1.0.11:
    resolution: {integrity: sha512-cqefuRsh12pWyGsIoBKJA9luFu3mRxCA+ORZvA4ktLSzIuCUtWVxGIuXigEwO5/ywWFMZ2QEGKWvkZG1zDMTag==}
    dev: true

  /@tsconfig/node14@1.0.3:
    resolution: {integrity: sha512-ysT8mhdixWK6Hw3i1V2AeRqZ5WfXg1G43mqoYlM2nc6388Fq5jcXyr5mRsqViLx/GJYdoL0bfXD8nmF+Zn/Iow==}
    dev: true

  /@tsconfig/node16@1.0.4:
    resolution: {integrity: sha512-vxhUy4J8lyeyinH7Azl1pdd43GJhZH/tP2weN8TntQblOY+A0XbT8DJk1/oCPuOOyg/Ja757rG0CgHcWC8OfMA==}
    dev: true

  /@types/fs-extra@11.0.4:
    resolution: {integrity: sha512-yTbItCNreRooED33qjunPthRcSjERP1r4MqCZc7wv0u2sUkzTFp45tgUfS5+r7FrZPdmCCNflLhVSP/o+SemsQ==}
    dependencies:
      '@types/jsonfile': 6.1.4
      '@types/node': 20.11.5
    dev: true

  /@types/fs-extra@9.0.13:
    resolution: {integrity: sha512-nEnwB++1u5lVDM2UI4c1+5R+FYaKfaAzS4OococimjVm3nQw3TuzH5UNsocrcTBbhnerblyHj4A49qXbIiZdpA==}
    dependencies:
      '@types/node': 20.11.5
    dev: false

  /@types/jsonfile@6.1.4:
    resolution: {integrity: sha512-D5qGUYwjvnNNextdU59/+fI+spnwtTFmyQP0h+PfIOSkNfpU6AOICUOkm4i0OnSk+NyjdPJrxCDro0sJsWlRpQ==}
    dependencies:
      '@types/node': 20.11.5
    dev: true

  /@types/minimist@1.2.5:
    resolution: {integrity: sha512-hov8bUuiLiyFPGyFPE1lwWhmzYbirOXQNNo40+y3zow8aFVTeyn3VWL0VFFfdNddA8S4Vf0Tc062rzyNr7Paag==}
    dev: false

  /@types/nextgen-events@1.1.4:
    resolution: {integrity: sha512-YczHp+887i3MpHUOCOztk7y10SklNZ3aQlToKnu0LON0ZdFpgwq8POtnATAoFz8V1IxyR6d8pp8ZyYkUIy26Cw==}
    dev: true

  /@types/node@17.0.45:
    resolution: {integrity: sha512-w+tIMs3rq2afQdsPJlODhoUEKzFP1ayaoyl1CcnwtIlsVe7K7bA1NGm4s3PraqTLlXnbIN84zuBlxBWo1u9BLw==}
    dev: false

  /@types/node@20.11.5:
    resolution: {integrity: sha512-g557vgQjUUfN76MZAN/dt1z3dzcUsimuysco0KeluHgrPdJXkP/XdAURgyO2W9fZWHRtRBiVKzKn8vyOAwlG+w==}
    dependencies:
      undici-types: 5.26.5

  /@types/terminal-kit@2.5.6:
    resolution: {integrity: sha512-S5kRC7wzduRj/Wrc8BCRPfQBSWi3bj3CCUBIkmrzBzrc0sjgxPqYZPvdDxhuBGCsOPZFJiDSrzUa9mYXVOOm4g==}
    dependencies:
      '@types/nextgen-events': 1.1.4
    dev: true

  /@types/which@2.0.2:
    resolution: {integrity: sha512-113D3mDkZDjo+EeUEHCFy0qniNc1ZpecGiAU7WSo7YDoSzolZIQKpYFHrPpjkB2nuyahcKfrmLXeQlh7gqJYdw==}
    dev: false

  /@vercel/ncc@0.38.1:
    resolution: {integrity: sha512-IBBb+iI2NLu4VQn3Vwldyi2QwaXt5+hTyh58ggAMoCGE6DJmPvwL3KPBWcJl1m9LYPChBLE980Jw+CS4Wokqxw==}
    hasBin: true
    dev: false

  /abbrev@1.1.1:
    resolution: {integrity: sha512-nne9/IiQ/hzIhY6pdDnbBtz7DjPTKrY00P/zvPSm5pOFkl6xuGrGnXn/VtTNNfNtAfZ9/1RtehkszU9qcTii0Q==}
    dev: true

  /acorn-walk@8.3.2:
    resolution: {integrity: sha512-cjkyv4OtNCIeqhHrfS81QWXoCBPExR/J62oyEqepVw8WaQeSqpW2uhuLPh1m9eWhDuOo/jUXVTlifvesOWp/4A==}
    engines: {node: '>=0.4.0'}
    dev: true

  /acorn@8.11.3:
    resolution: {integrity: sha512-Y9rRfJG5jcKOE0CLisYbojUjIrIEE7AGMzA/Sm4BslANhbS+cDMpgBdcPT91oJ7OuJ9hYJBx59RjbhxVnrF8Xg==}
    engines: {node: '>=0.4.0'}
    hasBin: true
    dev: true

  /ansi-regex@5.0.1:
    resolution: {integrity: sha512-quJQXlTSUGL2LH9SUXo8VwsY4soanhgo6LNSm84E1LBcE8s3O0wpdiRzyR9z/ZZJMlMWv37qOOb9pdJlMUEKFQ==}
    engines: {node: '>=8'}
    dev: false

  /ansi-regex@6.0.1:
    resolution: {integrity: sha512-n5M855fKb2SsfMIiFFoVrABHJC8QtHwVx+mHWP3QcEqBHYienj5dHSgjbxtC0WEZXYt4wcD6zrQElDPhFuZgfA==}
    engines: {node: '>=12'}
    dev: false

  /ansi-styles@4.3.0:
    resolution: {integrity: sha512-zbB9rCJAT1rbjiVDb2hqKFHNYLxgtk8NURxZ3IZwD3F6NtxbXZQCnnSi1Lkx+IDohdPlFp222wVALIheZJQSEg==}
    engines: {node: '>=8'}
    dependencies:
      color-convert: 2.0.1
    dev: false

  /ansi-styles@6.2.1:
    resolution: {integrity: sha512-bN798gFfQX+viw3R7yrGWRqnrN2oRkEkUjjl4JNn4E8GxxbjtG3FbrEIIY3l8/hrwUwIeCZvi4QuOTP4MErVug==}
    engines: {node: '>=12'}
    dev: false

  /anymatch@3.1.3:
    resolution: {integrity: sha512-KMReFUr0B4t+D+OBkjR3KYqvocp2XaSzO55UcB6mgQMd3KbcE+mWTyvVV7D/zsdEbNnV6acZUutkiHQXvTr1Rw==}
    engines: {node: '>= 8'}
    dependencies:
      normalize-path: 3.0.0
      picomatch: 2.3.1
    dev: true

  /appdata-path@1.0.0:
    resolution: {integrity: sha512-ZbH3ezXfnT/YE3NdqduIt4lBV+H0ybvA2Qx3K76gIjQvh8gROpDFdDLpx6B1QJtW7zxisCbpTlCLhKqoR8cDBw==}
    dev: false

  /arg@4.1.3:
    resolution: {integrity: sha512-58S9QDqG0Xx27YwPSt9fJxivjYl432YCwfDMfZ+71RAqUrZef7LrKQZ3LHLOwCS4FLNBplP533Zx895SeOCHvA==}
    dev: true

  /balanced-match@1.0.2:
    resolution: {integrity: sha512-3oSeUO0TMV67hN1AmbXsK4yaqU7tjiHlbxRDZOpH0KW9+CeX4bRAaX0Anxt0tx2MrpRpWwQaPwIlISEJhYU5Pw==}

  /binary-extensions@2.2.0:
    resolution: {integrity: sha512-jDctJ/IVQbZoJykoeHbhXpOlNBqGNcwXJKJog42E5HDPUwQTSdjCHdihjj0DlnheQ7blbT6dHOafNAiS8ooQKA==}
    engines: {node: '>=8'}
    dev: true

  /brace-expansion@1.1.11:
    resolution: {integrity: sha512-iCuPHDFgrHX7H2vEI/5xpz07zSHB00TpugqhmYtVmMO6518mCuRMoOYFldEBl0g187ufozdaHgWKcYFb61qGiA==}
    dependencies:
      balanced-match: 1.0.2
      concat-map: 0.0.1
    dev: true

  /brace-expansion@2.0.1:
    resolution: {integrity: sha512-XnAIvQ8eM+kC6aULx6wuQiwVsnzsi9d3WxzV3FpWTGA19F621kwdbsAcFKXgKUHZWsy+mY6iL1sHTxWEFCytDA==}
    dependencies:
      balanced-match: 1.0.2
    dev: false

  /braces@3.0.2:
    resolution: {integrity: sha512-b8um+L1RzM3WDSzvhm6gIz1yfTbBt6YTlcEKAvsmqCZZFw46z626lVj9j1yEPW33H5H+lBQpZMP1k8l+78Ha0A==}
    engines: {node: '>=8'}
    dependencies:
      fill-range: 7.0.1

  /chalk@5.3.0:
    resolution: {integrity: sha512-dLitG79d+GV1Nb/VYcCDFivJeK1hiukt9QjRNVOsUtTy1rR1YJsmpGGTZ3qJos+uw7WmWF4wUwBd9jxjocFC2w==}
    engines: {node: ^12.17.0 || ^14.13 || >=16.0.0}
    dev: false

  /chokidar@3.5.3:
    resolution: {integrity: sha512-Dr3sfKRP6oTcjf2JmUmFJfeVMvXBdegxB0iVQ5eb2V10uFJUCAS8OByZdVAyVb8xXNz3GjjTgj9kLWsZTqE6kw==}
    engines: {node: '>= 8.10.0'}
    dependencies:
      anymatch: 3.1.3
      braces: 3.0.2
      glob-parent: 5.1.2
      is-binary-path: 2.1.0
      is-glob: 4.0.3
      normalize-path: 3.0.0
      readdirp: 3.6.0
    optionalDependencies:
      fsevents: 2.3.3
    dev: true

  /chroma-js@2.4.2:
    resolution: {integrity: sha512-U9eDw6+wt7V8z5NncY2jJfZa+hUH8XEj8FQHgFJTrUFnJfXYf4Ml4adI2vXZOjqRDpFWtYVWypDfZwnJ+HIR4A==}
    dev: false

  /color-convert@2.0.1:
    resolution: {integrity: sha512-RRECPsj7iu/xb5oKYcsFHSppFNnsj/52OVTRKb4zP5onXwVF3zVmmToNcOfGC+CRDpfK/U584fMg38ZHCaElKQ==}
    engines: {node: '>=7.0.0'}
    dependencies:
      color-name: 1.1.4
    dev: false

  /color-name@1.1.4:
    resolution: {integrity: sha512-dOy+3AuW3a2wNbZHIuMZpTcgjGuLU/uBL/ubcZF9OXbDo8ff4O8yVp5Bf0efS8uEoYo5q4Fx7dY9OgQGXgAsQA==}
    dev: false

  /commander@11.1.0:
    resolution: {integrity: sha512-yPVavfyCcRhmorC7rWlkHn15b4wDVgVmBA7kV4QVBsF7kv/9TKJAbAXVTxvTnwP8HHKjRCJDClKbciiYS7p0DQ==}
    engines: {node: '>=16'}
    dev: false

  /concat-map@0.0.1:
    resolution: {integrity: sha512-/Srv4dswyQNBfohGpz9o6Yb3Gz3SrUDqBH5rTuhGR7ahtlbYKnVxw2bCFMRljaA7EXHaXZ8wsHdodFvbkhKmqg==}
    dev: true

  /create-require@1.1.1:
    resolution: {integrity: sha512-dcKFX3jn0MpIaXjisoRvexIJVEKzaq7z2rZKxf+MSr9TkdmHmsU4m2lcLojrj/FHl8mk5VxMmYA+ftRkP/3oKQ==}
    dev: true

  /cross-env@7.0.3:
    resolution: {integrity: sha512-+/HKd6EgcQCJGh2PSjZuUitQBQynKor4wrFbRg4DtAgS1aWO+gU52xpH7M9ScGgXSYmAVS9bIJ8EzuaGw0oNAw==}
    engines: {node: '>=10.14', npm: '>=6', yarn: '>=1'}
    hasBin: true
    dependencies:
      cross-spawn: 7.0.3
    dev: true

  /cross-spawn@7.0.3:
    resolution: {integrity: sha512-iRDPJKUPVEND7dHPO8rkbOnPpyDygcDFtWjpeWNCgy8WP2rXcxXL8TskReQl6OrB2G7+UJrags1q15Fudc7G6w==}
    engines: {node: '>= 8'}
    dependencies:
      path-key: 3.1.1
      shebang-command: 2.0.0
      which: 2.0.2

  /cwise-compiler@1.1.3:
    resolution: {integrity: sha512-WXlK/m+Di8DMMcCjcWr4i+XzcQra9eCdXIJrgh4TUgh0pIS/yJduLxS9JgefsHJ/YVLdgPtXm9r62W92MvanEQ==}
    dependencies:
      uniq: 1.0.1
    dev: false

  /data-uri-to-buffer@4.0.1:
    resolution: {integrity: sha512-0R9ikRb668HB7QDxT1vkpuUBtqc53YyAwMwGeUFKRojY/NWKvdZ+9UYtRfGmhqNbRkTSVpMbmyhXipFFv2cb/A==}
    engines: {node: '>= 12'}
    dev: false

  /debug@4.3.4(supports-color@5.5.0):
    resolution: {integrity: sha512-PRWFHuSU3eDtQJPvnNY7Jcket1j0t5OuOsFzPPzsekD52Zl8qUfFIPEiswXqIvHWGVHOgX+7G/vCNNhehwxfkQ==}
    engines: {node: '>=6.0'}
    peerDependencies:
      supports-color: '*'
    peerDependenciesMeta:
      supports-color:
        optional: true
    dependencies:
      ms: 2.1.2
      supports-color: 5.5.0
    dev: true

  /diff@4.0.2:
    resolution: {integrity: sha512-58lmxKSA4BNyLz+HHMUzlOEpg09FV+ev6ZMe3vJihgdxzgcwZ8VoEEPmALCZG9LmqfVoNMMKpttIYTVG6uDY7A==}
    engines: {node: '>=0.3.1'}
    dev: true

  /dir-glob@3.0.1:
    resolution: {integrity: sha512-WkrWp9GR4KXfKGYzOLmTuGVi1UWFfws377n9cc55/tb6DuqyF6pcQ5AbiHEshaDpY9v6oaSr2XCDidGmMwdzIA==}
    engines: {node: '>=8'}
    dependencies:
      path-type: 4.0.0
    dev: false

  /eastasianwidth@0.2.0:
    resolution: {integrity: sha512-I88TYZWc9XiYHRQ4/3c5rjjfgkjhLyW2luGIheGERbNQ6OY7yTybanSpDXZa8y7VUP9YmDcYa+eyq4ca7iLqWA==}
    dev: false

  /emoji-regex@8.0.0:
    resolution: {integrity: sha512-MSjYzcWNOA0ewAHpz0MxpYFvwg6yjy1NG3xteoqz644VCo/RPgnr1/GGt+ic3iJTzQ8Eu3TdM14SawnVUmGE6A==}
    dev: false

  /emoji-regex@9.2.2:
    resolution: {integrity: sha512-L18DaJsXSUk2+42pv8mLs5jJT2hqFkFE4j21wOmgbUqsZ2hL72NsUU785g9RXgo3s0ZNgVl42TiHp3ZtOv/Vyg==}
    dev: false

  /fast-glob@3.3.2:
    resolution: {integrity: sha512-oX2ruAFQwf/Orj8m737Y5adxDQO0LAB7/S5MnxCdTNDd4p6BsyIVsv9JQsATbTSq8KHRpLwIHbVlUNatxd+1Ow==}
    engines: {node: '>=8.6.0'}
    dependencies:
      '@nodelib/fs.stat': 2.0.5
      '@nodelib/fs.walk': 1.2.8
      glob-parent: 5.1.2
      merge2: 1.4.1
      micromatch: 4.0.5
    dev: false

  /fastq@1.16.0:
    resolution: {integrity: sha512-ifCoaXsDrsdkWTtiNJX5uzHDsrck5TzfKKDcuFFTIrrc/BS076qgEIfoIy1VeZqViznfKiysPYTh/QeHtnIsYA==}
    dependencies:
      reusify: 1.0.4
    dev: false

  /fetch-blob@3.2.0:
    resolution: {integrity: sha512-7yAQpD2UMJzLi1Dqv7qFYnPbaPx7ZfFK6PiIxQ4PfkGPyNyl2Ugx+a/umUonmKqjhM4DnfbMvdX6otXq83soQQ==}
    engines: {node: ^12.20 || >= 14.13}
    dependencies:
      node-domexception: 1.0.0
      web-streams-polyfill: 3.3.2
    dev: false

  /fill-range@7.0.1:
    resolution: {integrity: sha512-qOo9F+dMUmC2Lcb4BbVvnKJxTPjCm+RRpe4gDuGrzkL7mEVl/djYSu2OdQ2Pa302N4oqkSg9ir6jaLWJ2USVpQ==}
    engines: {node: '>=8'}
    dependencies:
      to-regex-range: 5.0.1

  /foreground-child@3.1.1:
    resolution: {integrity: sha512-TMKDUnIte6bfb5nWv7V/caI169OHgvwjb7V4WkeUvbQQdjr5rWKqHFiKWb/fcOwB+CzBT+qbWjvj+DVwRskpIg==}
    engines: {node: '>=14'}
    dependencies:
      cross-spawn: 7.0.3
      signal-exit: 4.1.0
    dev: false

  /formdata-polyfill@4.0.10:
    resolution: {integrity: sha512-buewHzMvYL29jdeQTVILecSaZKnt/RJWjoZCF5OW60Z67/GmSLBkOFM7qh1PI3zFNtJbaZL5eQu1vLfazOwj4g==}
    engines: {node: '>=12.20.0'}
    dependencies:
      fetch-blob: 3.2.0
    dev: false

  /fs-extra@11.2.0:
    resolution: {integrity: sha512-PmDi3uwK5nFuXh7XDTlVnS17xJS7vW36is2+w3xcv8SVxiB4NyATf4ctkVY5bkSjX0Y4nbvZCq1/EjtEyr9ktw==}
    engines: {node: '>=14.14'}
    dependencies:
      graceful-fs: 4.2.11
      jsonfile: 6.1.0
      universalify: 2.0.1
    dev: false

  /fsevents@2.3.3:
    resolution: {integrity: sha512-5xoDfX+fL7faATnagmWPpbFtwh/R77WmMMqqHGS65C3vvB0YHrgF+B1YmZ3441tMj5n63k0212XNoJwzlhffQw==}
    engines: {node: ^8.16.0 || ^10.6.0 || >=11.0.0}
    os: [darwin]
    requiresBuild: true
    dev: true
    optional: true

  /glob-parent@5.1.2:
    resolution: {integrity: sha512-AOIgSQCepiJYwP3ARnGx+5VnTu2HBYdzbGP45eLw1vr3zB3vZLeyed1sC9hnbcOc9/SrMyM5RPQrkGz4aS9Zow==}
    engines: {node: '>= 6'}
    dependencies:
      is-glob: 4.0.3

  /glob@10.3.10:
    resolution: {integrity: sha512-fa46+tv1Ak0UPK1TOy/pZrIybNNt4HCv7SDzwyfiOZkvZLEbjsZkJBPtDHVshZjbecAoAGSC20MjLDG/qr679g==}
    engines: {node: '>=16 || 14 >=14.17'}
    hasBin: true
    dependencies:
      foreground-child: 3.1.1
      jackspeak: 2.3.6
      minimatch: 9.0.3
      minipass: 7.0.4
      path-scurry: 1.10.1
    dev: false

  /globby@13.2.2:
    resolution: {integrity: sha512-Y1zNGV+pzQdh7H39l9zgB4PJqjRNqydvdYCDG4HFXM4XuvSaQQlEc91IU1yALL8gUTDomgBAfz3XJdmUS+oo0w==}
    engines: {node: ^12.20.0 || ^14.13.1 || >=16.0.0}
    dependencies:
      dir-glob: 3.0.1
      fast-glob: 3.3.2
      ignore: 5.3.0
      merge2: 1.4.1
      slash: 4.0.0
    dev: false

  /graceful-fs@4.2.11:
    resolution: {integrity: sha512-RbJ5/jmFcNNCcDV5o9eTnBLJ/HszWV0P73bc+Ff4nS/rJj+YaS6IGyiOL0VoBYX+l1Wrl3k63h/KrH+nhJ0XvQ==}
    dev: false

  /has-flag@3.0.0:
    resolution: {integrity: sha512-sKJf1+ceQBr4SMkvQnBDNDtf4TXpVhVGateu0t918bl30FnbE2m4vNLX+VWe/dpjlb+HugGYzW7uQXH98HPEYw==}
    engines: {node: '>=4'}
    dev: true

  /ignore-by-default@1.0.1:
    resolution: {integrity: sha512-Ius2VYcGNk7T90CppJqcIkS5ooHUZyIQK+ClZfMfMNFEF9VSE73Fq+906u/CWu92x4gzZMWOwfFYckPObzdEbA==}
    dev: true

  /ignore@5.3.0:
    resolution: {integrity: sha512-g7dmpshy+gD7mh88OC9NwSGTKoc3kyLAZQRU1mt53Aw/vnvfXnbC+F/7F7QoYVKbV+KNvJx8wArewKy1vXMtlg==}
    engines: {node: '>= 4'}
    dev: false

  /iota-array@1.0.0:
    resolution: {integrity: sha512-pZ2xT+LOHckCatGQ3DcG/a+QuEqvoxqkiL7tvE8nn3uuu+f6i1TtpB5/FtWFbxUuVr5PZCx8KskuGatbJDXOWA==}
    dev: false

  /is-binary-path@2.1.0:
    resolution: {integrity: sha512-ZMERYes6pDydyuGidse7OsHxtbI7WVeUEozgR/g7rd0xUimYNlvZRE/K2MgZTjWy725IfelLeVcEM97mmtRGXw==}
    engines: {node: '>=8'}
    dependencies:
      binary-extensions: 2.2.0
    dev: true

  /is-buffer@1.1.6:
    resolution: {integrity: sha512-NcdALwpXkTm5Zvvbk7owOUSvVvBKDgKP5/ewfXEznmQFfs4ZRmanOeKBTjRVjka3QFoN6XJ+9F3USqfHqTaU5w==}
    dev: false

  /is-extglob@2.1.1:
    resolution: {integrity: sha512-SbKbANkN603Vi4jEZv49LeVJMn4yGwsbzZworEoyEiutsN3nJYdbO36zfhGJ6QEDpOZIFkDtnq5JRxmvl3jsoQ==}
    engines: {node: '>=0.10.0'}

  /is-fullwidth-code-point@3.0.0:
    resolution: {integrity: sha512-zymm5+u+sCsSWyD9qNaejV3DFvhCKclKdizYaJUuHA83RLjb7nSuGnddCHGv0hk+KY7BMAlsWeK4Ueg6EV6XQg==}
    engines: {node: '>=8'}
    dev: false

  /is-glob@4.0.3:
    resolution: {integrity: sha512-xelSayHH36ZgE7ZWhli7pW34hNbNl8Ojv5KVmkJD4hBdD3th8Tfk9vYasLM+mXWOZhFkgZfxhLSnrwRr4elSSg==}
    engines: {node: '>=0.10.0'}
    dependencies:
      is-extglob: 2.1.1

  /is-number@7.0.0:
    resolution: {integrity: sha512-41Cifkg6e8TylSpdtTpeLVMqvSBEVzTttHvERD741+pnZ8ANv0004MRL43QKPDlK9cGvNp6NZWZUBlbGXYxxng==}
    engines: {node: '>=0.12.0'}

  /isexe@2.0.0:
    resolution: {integrity: sha512-RHxMLp9lnKHGHRng9QFhRCMbYAcVpn69smSGcq3f36xjgVVWThj4qqLbTLlq7Ssj8B+fIQ1EuCEGI2lKsyQeIw==}

  /jackspeak@2.3.6:
    resolution: {integrity: sha512-N3yCS/NegsOBokc8GAdM8UcmfsKiSS8cipheD/nivzr700H+nsMOxJjQnvwOcRYVuFkdH0wGUvW2WbXGmrZGbQ==}
    engines: {node: '>=14'}
    dependencies:
      '@isaacs/cliui': 8.0.2
    optionalDependencies:
      '@pkgjs/parseargs': 0.11.0
    dev: false

  /jpeg-js@0.4.4:
    resolution: {integrity: sha512-WZzeDOEtTOBK4Mdsar0IqEU5sMr3vSV2RqkAIzUEV2BHnUfKGyswWFPFwK5EeDo93K3FohSHbLAjj0s1Wzd+dg==}
    dev: false

  /jsonfile@6.1.0:
    resolution: {integrity: sha512-5dgndWOriYSm5cnYaJNhalLNDKOqFwyDB/rr1E9ZsGciGvKPs8R2xYGCacuf3z6K1YKDz182fd+fY3cn3pMqXQ==}
    dependencies:
      universalify: 2.0.1
    optionalDependencies:
      graceful-fs: 4.2.11
    dev: false

  /lazyness@1.2.0:
    resolution: {integrity: sha512-KenL6EFbwxBwRxG93t0gcUyi0Nw0Ub31FJKN1laA4UscdkL1K1AxUd0gYZdcLU3v+x+wcFi4uQKS5hL+fk500g==}
    engines: {node: '>=6.0.0'}
    dev: false

  /lru-cache@10.1.0:
    resolution: {integrity: sha512-/1clY/ui8CzjKFyjdvwPWJUYKiFVXG2I2cY0ssG7h4+hwk+XOIX7ZSG9Q7TW8TW3Kp3BUSqgFWBLgL4PJ+Blag==}
    engines: {node: 14 || >=16.14}
    dev: false

  /lru-cache@6.0.0:
    resolution: {integrity: sha512-Jo6dJ04CmSjuznwJSS3pUeWmd/H0ffTlkXXgwZi+eq1UCmqQwCh+eLsYOYCwY991i2Fah4h1BEMCx4qThGbsiA==}
    engines: {node: '>=10'}
    dependencies:
      yallist: 4.0.0
    dev: true

  /make-error@1.3.6:
    resolution: {integrity: sha512-s8UhlNe7vPKomQhC1qFelMokr/Sc3AgNbso3n74mVPA5LTZwkB9NlXf4XPamLxJE8h0gh73rM94xvwRT2CVInw==}
    dev: true

  /merge2@1.4.1:
    resolution: {integrity: sha512-8q7VEgMJW4J8tcfVPy8g09NcQwZdbwFEqhe/WZkoIzjn/3TGDwtOCYtXGxA3O8tPzpczCCDgv+P2P5y00ZJOOg==}
    engines: {node: '>= 8'}
    dev: false

  /micromatch@4.0.5:
    resolution: {integrity: sha512-DMy+ERcEW2q8Z2Po+WNXuw3c5YaUSFjAO5GsJqfEl7UjvtIuFKO6ZrKvcItdy98dwFI2N1tg3zNIdKaQT+aNdA==}
    engines: {node: '>=8.6'}
    dependencies:
      braces: 3.0.2
      picomatch: 2.3.1
    dev: false

  /minimatch@3.1.2:
    resolution: {integrity: sha512-J7p63hRiAjw1NDEww1W7i37+ByIrOWO5XQQAzZ3VOcL0PNybwpfmV/N05zFAzwQ9USyEcX6t3UO+K5aqBQOIHw==}
    dependencies:
      brace-expansion: 1.1.11
    dev: true

  /minimatch@9.0.3:
    resolution: {integrity: sha512-RHiac9mvaRw0x3AYRgDC1CxAP7HTcNrrECeA8YYJeWnpo+2Q5CegtZjaotWTWxDG3UeGA1coE05iH1mPjT/2mg==}
    engines: {node: '>=16 || 14 >=14.17'}
    dependencies:
      brace-expansion: 2.0.1
    dev: false

  /minipass@7.0.4:
    resolution: {integrity: sha512-jYofLM5Dam9279rdkWzqHozUo4ybjdZmCsDHePy5V/PbBcVMiSZR97gmAy45aqi8CK1lG2ECd356FU86avfwUQ==}
    engines: {node: '>=16 || 14 >=14.17'}
    dev: false

  /ms@2.1.2:
    resolution: {integrity: sha512-sGkPx+VjMtmA6MX27oA4FBFELFCZZ4S4XqeGOXCv68tT+jb3vk/RyaKWP0PTKyWtmLSM0b+adUTEvbs1PEaH2w==}
    dev: true

  /ndarray-pack@1.2.1:
    resolution: {integrity: sha512-51cECUJMT0rUZNQa09EoKsnFeDL4x2dHRT0VR5U2H5ZgEcm95ZDWcMA5JShroXjHOejmAD/fg8+H+OvUnVXz2g==}
    dependencies:
      cwise-compiler: 1.1.3
      ndarray: 1.0.19
    dev: false

  /ndarray@1.0.19:
    resolution: {integrity: sha512-B4JHA4vdyZU30ELBw3g7/p9bZupyew5a7tX1Y/gGeF2hafrPaQZhgrGQfsvgfYbgdFZjYwuEcnaobeM/WMW+HQ==}
    dependencies:
      iota-array: 1.0.0
      is-buffer: 1.1.6
    dev: false

  /nextgen-events@1.5.3:
    resolution: {integrity: sha512-P6qw6kenNXP+J9XlKJNi/MNHUQ+Lx5K8FEcSfX7/w8KJdZan5+BB5MKzuNgL2RTjHG1Svg8SehfseVEp8zAqwA==}
    engines: {node: '>=6.0.0'}
    dev: false

  /node-bitmap@0.0.1:
    resolution: {integrity: sha512-Jx5lPaaLdIaOsj2mVLWMWulXF6GQVdyLvNSxmiYCvZ8Ma2hfKX0POoR2kgKOqz+oFsRreq0yYZjQ2wjE9VNzCA==}
    engines: {node: '>=v0.6.5'}
    dev: false

  /node-domexception@1.0.0:
    resolution: {integrity: sha512-/jKZoMpw0F8GRwl4/eLROPA3cfcXtLApP0QzLmUT/HuPCZWyB7IY9ZrMeKw2O/nFIqPQB3PVM9aYm0F312AXDQ==}
    engines: {node: '>=10.5.0'}
    dev: false

  /node-fetch@3.3.1:
    resolution: {integrity: sha512-cRVc/kyto/7E5shrWca1Wsea4y6tL9iYJE5FBCius3JQfb/4P4I295PfhgbJQBLTx6lATE4z+wK0rPM4VS2uow==}
    engines: {node: ^12.20.0 || ^14.13.1 || >=16.0.0}
    dependencies:
      data-uri-to-buffer: 4.0.1
      fetch-blob: 3.2.0
      formdata-polyfill: 4.0.10
    dev: false

  /nodemon@3.0.3:
    resolution: {integrity: sha512-7jH/NXbFPxVaMwmBCC2B9F/V6X1VkEdNgx3iu9jji8WxWcvhMWkmhNWhI5077zknOnZnBzba9hZP6bCPJLSReQ==}
    engines: {node: '>=10'}
    hasBin: true
    dependencies:
      chokidar: 3.5.3
      debug: 4.3.4(supports-color@5.5.0)
      ignore-by-default: 1.0.1
      minimatch: 3.1.2
      pstree.remy: 1.1.8
      semver: 7.5.4
      simple-update-notifier: 2.0.0
      supports-color: 5.5.0
      touch: 3.1.0
      undefsafe: 2.0.5
    dev: true

  /nopt@1.0.10:
    resolution: {integrity: sha512-NWmpvLSqUrgrAC9HCuxEvb+PSloHpqVu+FqcO4eeF2h5qYRhA7ev6KvelyQAKtegUbC6RypJnlEOhd8vloNKYg==}
    hasBin: true
    dependencies:
      abbrev: 1.1.1
    dev: true

  /normalize-path@3.0.0:
    resolution: {integrity: sha512-6eZs5Ls3WtCisHWp9S2GUy8dqkpGi4BVSz3GaqiE6ezub0512ESztXUwUB6C6IKbQkY2Pnb/mD4WYojCRwcwLA==}
    engines: {node: '>=0.10.0'}
    dev: true

  /omggif@1.0.10:
    resolution: {integrity: sha512-LMJTtvgc/nugXj0Vcrrs68Mn2D1r0zf630VNtqtpI1FEO7e+O9FP4gqs9AcnBaSEeoHIPm28u6qgPR0oyEpGSw==}
    dev: false

  /path-key@3.1.1:
    resolution: {integrity: sha512-ojmeN0qd+y0jszEtoY48r0Peq5dwMEkIlCOu6Q5f41lfkswXuKtYrhgoTpLnyIcHm24Uhqx+5Tqm2InSwLhE6Q==}
    engines: {node: '>=8'}

  /path-scurry@1.10.1:
    resolution: {integrity: sha512-MkhCqzzBEpPvxxQ71Md0b1Kk51W01lrYvlMzSUaIzNsODdd7mqhiimSZlr+VegAz5Z6Vzt9Xg2ttE//XBhH3EQ==}
    engines: {node: '>=16 || 14 >=14.17'}
    dependencies:
      lru-cache: 10.1.0
      minipass: 7.0.4
    dev: false

  /path-type@4.0.0:
    resolution: {integrity: sha512-gDKb8aZMDeD/tZWs9P6+q0J9Mwkdl6xMV8TjnGP3qJVJ06bdMgkbBlLU8IdfOsIsFz2BW1rNVT3XuNEl8zPAvw==}
    engines: {node: '>=8'}
    dev: false

  /picomatch@2.3.1:
    resolution: {integrity: sha512-JU3teHTNjmE2VCGFzuY8EXzCDVwEqB2a8fsIvwaStHhAWJEeVd1o1QD80CU6+ZdEXXSLbSsuLwJjkCBWqRQUVA==}
    engines: {node: '>=8.6'}

  /pngjs@6.0.0:
    resolution: {integrity: sha512-TRzzuFRRmEoSW/p1KVAmiOgPco2Irlah+bGFCeNfJXxxYGwSw7YwAOAcd7X28K/m5bjBWKsC29KyoMfHbypayg==}
    engines: {node: '>=12.13.0'}
    dev: false

  /pstree.remy@1.1.8:
    resolution: {integrity: sha512-77DZwxQmxKnu3aR542U+X8FypNzbfJ+C5XQDk3uWjWxn6151aIMGthWYRXTqT1E5oJvg+ljaa2OJi+VfvCOQ8w==}
    dev: true

  /queue-microtask@1.2.3:
    resolution: {integrity: sha512-NuaNSa6flKT5JaSYQzJok04JzTL1CA6aGhv5rfLW3PgqA+M2ChpZQnAC8h8i4ZFkBS8X5RqkDBHA7r4hej3K9A==}
    dev: false

  /readdirp@3.6.0:
    resolution: {integrity: sha512-hOS089on8RduqdbhvQ5Z37A0ESjsqz6qnRcffsMU3495FuTdqSm+7bhJ29JvIOsBDEEnan5DPu9t3To9VRlMzA==}
    engines: {node: '>=8.10.0'}
    dependencies:
      picomatch: 2.3.1
    dev: true

  /reusify@1.0.4:
    resolution: {integrity: sha512-U9nH88a3fc/ekCF1l0/UP1IosiuIjyTh7hBvXVMHYgVcfGvt897Xguj2UOLDeI5BG2m7/uwyaLVT6fbtCwTyzw==}
    engines: {iojs: '>=1.0.0', node: '>=0.10.0'}
    dev: false

  /rimraf@5.0.5:
    resolution: {integrity: sha512-CqDakW+hMe/Bz202FPEymy68P+G50RfMQK+Qo5YUqc9SPipvbGjCGKd0RSKEelbsfQuw3g5NZDSrlZZAJurH1A==}
    engines: {node: '>=14'}
    hasBin: true
    dependencies:
      glob: 10.3.10
    dev: false

  /run-parallel@1.2.0:
    resolution: {integrity: sha512-5l4VyZR86LZ/lDxZTR6jqL8AFE2S0IFLMP26AbjsLVADxHdhB/c0GUsH+y39UfCi3dzz8OlQuPmnaJOMoDHQBA==}
    dependencies:
      queue-microtask: 1.2.3
    dev: false

  /semver@7.5.4:
    resolution: {integrity: sha512-1bCSESV6Pv+i21Hvpxp3Dx+pSD8lIPt8uVjRrxAUt/nbswYc+tK6Y2btiULjd4+fnq15PX+nqQDC7Oft7WkwcA==}
    engines: {node: '>=10'}
    hasBin: true
    dependencies:
      lru-cache: 6.0.0
    dev: true

  /setimmediate@1.0.5:
    resolution: {integrity: sha512-MATJdZp8sLqDl/68LfQmbP8zKPLQNV6BIZoIgrscFDQ+RsvK/BxeDQOgyxKKoh0y/8h3BqVFnCqQ/gd+reiIXA==}
    dev: false

  /seventh@0.9.2:
    resolution: {integrity: sha512-C+dnbBXIEycnrN6/CpFt/Rt8ccMzAX3wbwJU61RTfC8lYPMzSkKkAVWnUEMTZDHdvtlrTupZeCUK4G+uP4TmRQ==}
    engines: {node: '>=16.13.0'}
    dependencies:
      setimmediate: 1.0.5
    dev: false

  /shebang-command@2.0.0:
    resolution: {integrity: sha512-kHxr2zZpYtdmrN1qDjrrX/Z1rR1kG8Dx+gkpK1G4eXmvXswmcE1hTWBWYUzlraYw1/yZp6YuDY77YtvbN0dmDA==}
    engines: {node: '>=8'}
    dependencies:
      shebang-regex: 3.0.0

  /shebang-regex@3.0.0:
    resolution: {integrity: sha512-7++dFhtcx3353uBaq8DDR4NuxBetBzC7ZQOhmTQInHEd6bSrXdiEyzCvG07Z44UYdLShWUyXt5M/yhz8ekcb1A==}
    engines: {node: '>=8'}

  /signal-exit@4.1.0:
    resolution: {integrity: sha512-bzyZ1e88w9O1iNJbKnOlvYTrWPDl46O1bG0D3XInv+9tkPrxrN8jUUTiFlDkkmKWgn1M6CfIA13SuGqOa9Korw==}
    engines: {node: '>=14'}
    dev: false

  /simple-update-notifier@2.0.0:
    resolution: {integrity: sha512-a2B9Y0KlNXl9u/vsW6sTIu9vGEpfKu2wRV6l1H3XEas/0gUIzGzBoP/IouTcUQbm9JWZLH3COxyn03TYlFax6w==}
    engines: {node: '>=10'}
    dependencies:
      semver: 7.5.4
    dev: true

  /slash@4.0.0:
    resolution: {integrity: sha512-3dOsAHXXUkQTpOYcoAxLIorMTp4gIQr5IW3iVb7A7lFIp0VHhnynm9izx6TssdrIcVIESAlVjtnO2K8bg+Coew==}
    engines: {node: '>=12'}
    dev: false

  /string-kit@0.17.10:
    resolution: {integrity: sha512-n3/2BeEJrlzztoxeBTt9DVh0dfHordBuZoFsSJs59tk1JoPVvtvNsvAgqu0Nlpj5Y/qoQbnT8jCnfuoHcsfGnw==}
    engines: {node: '>=14.15.0'}
    dev: false

  /string-width@4.2.3:
    resolution: {integrity: sha512-wKyQRQpjJ0sIp62ErSZdGsjMJWsap5oRNihHhu6G7JVO/9jIB6UyevL+tXuOqrng8j/cxKTWyWUwvSTriiZz/g==}
    engines: {node: '>=8'}
    dependencies:
      emoji-regex: 8.0.0
      is-fullwidth-code-point: 3.0.0
      strip-ansi: 6.0.1
    dev: false

  /string-width@5.1.2:
    resolution: {integrity: sha512-HnLOCR3vjcY8beoNLtcjZ5/nxn2afmME6lhrDrebokqMap+XbeW8n9TXpPDOqdGK5qcI3oT0GKTW6wC7EMiVqA==}
    engines: {node: '>=12'}
    dependencies:
      eastasianwidth: 0.2.0
      emoji-regex: 9.2.2
      strip-ansi: 7.1.0
    dev: false

  /strip-ansi@6.0.1:
    resolution: {integrity: sha512-Y38VPSHcqkFrCpFnQ9vuSXmquuv5oXOKpGeT6aGrr3o3Gc9AlVa6JBfUSOCnbxGGZF+/0ooI7KrPuUSztUdU5A==}
    engines: {node: '>=8'}
    dependencies:
      ansi-regex: 5.0.1
    dev: false

  /strip-ansi@7.1.0:
    resolution: {integrity: sha512-iq6eVVI64nQQTRYq2KtEg2d2uU7LElhTJwsH4YzIHZshxlgZms/wIc4VoDQTlG/IvVIrBKG06CrZnp0qv7hkcQ==}
    engines: {node: '>=12'}
    dependencies:
      ansi-regex: 6.0.1
    dev: false

  /supports-color@5.5.0:
    resolution: {integrity: sha512-QjVjwdXIt408MIiAqCX4oUKsgU2EqAGzs2Ppkm4aQYbjm+ZEWEcW4SfFNTr4uMNZma0ey4f5lgLrkB0aX0QMow==}
    engines: {node: '>=4'}
    dependencies:
      has-flag: 3.0.0
    dev: true

  /terminal-kit@3.0.1:
    resolution: {integrity: sha512-KvscEh/893Qza4+1wW9BOYAYFFS3uy8JfuMpyxNS1Rw+bw2Qx33RjVkjzPkfY2hfzAcTEw9KGko4XZuX2scsQw==}
    engines: {node: '>=16.13.0'}
    dependencies:
      '@cronvel/get-pixels': 3.4.1
      chroma-js: 2.4.2
      lazyness: 1.2.0
      ndarray: 1.0.19
      nextgen-events: 1.5.3
      seventh: 0.9.2
      string-kit: 0.17.10
      tree-kit: 0.8.5
    dev: false

  /to-regex-range@5.0.1:
    resolution: {integrity: sha512-65P7iz6X5yEr1cwcgvQxbbIw7Uk3gOy5dIdtZ4rDveLqhrdJP+Li/Hx6tyK0NEb+2GCyneCMJiGqrADCSNk8sQ==}
    engines: {node: '>=8.0'}
    dependencies:
      is-number: 7.0.0

  /touch@3.1.0:
    resolution: {integrity: sha512-WBx8Uy5TLtOSRtIq+M03/sKDrXCLHxwDcquSP2c43Le03/9serjQBIztjRz6FkJez9D/hleyAXTBGLwwZUw9lA==}
    hasBin: true
    dependencies:
      nopt: 1.0.10
    dev: true

  /tree-kit@0.8.5:
    resolution: {integrity: sha512-oe8qZPqyrlJZqYbRK5yUIVkXWOt+QmQjkP5NTjApbvdO4i+eiXOhpcMbgN06Gyg0tz1aPS2RBI0gxWqu2FbinQ==}
    engines: {node: '>=16.13.0'}
    dev: false

  /ts-node@10.9.2(@types/node@20.11.5)(typescript@5.3.3):
    resolution: {integrity: sha512-f0FFpIdcHgn8zcPSbf1dRevwt047YMnaiJM3u2w2RewrB+fob/zePZcrOyQoLMMO7aBIddLcQIEK5dYjkLnGrQ==}
    hasBin: true
    peerDependencies:
      '@swc/core': '>=1.2.50'
      '@swc/wasm': '>=1.2.50'
      '@types/node': '*'
      typescript: '>=2.7'
    peerDependenciesMeta:
      '@swc/core':
        optional: true
      '@swc/wasm':
        optional: true
    dependencies:
      '@cspotcode/source-map-support': 0.8.1
      '@tsconfig/node10': 1.0.9
      '@tsconfig/node12': 1.0.11
      '@tsconfig/node14': 1.0.3
      '@tsconfig/node16': 1.0.4
      '@types/node': 20.11.5
      acorn: 8.11.3
      acorn-walk: 8.3.2
      arg: 4.1.3
      create-require: 1.1.1
      diff: 4.0.2
      make-error: 1.3.6
      typescript: 5.3.3
      v8-compile-cache-lib: 3.0.1
      yn: 3.1.1
    dev: true

  /typescript@5.3.3:
    resolution: {integrity: sha512-pXWcraxM0uxAS+tN0AG/BF2TyqmHO014Z070UsJ+pFvYuRSq8KH8DmWpnbXe0pEPDHXZV3FcAbJkijJ5oNEnWw==}
    engines: {node: '>=14.17'}
    hasBin: true

  /undefsafe@2.0.5:
    resolution: {integrity: sha512-WxONCrssBM8TSPRqN5EmsjVrsv4A8X12J4ArBiiayv3DyyG3ZlIg6yysuuSYdZsVz3TKcTg2fd//Ujd4CHV1iA==}
    dev: true

  /undici-types@5.26.5:
    resolution: {integrity: sha512-JlCMO+ehdEIKqlFxk6IfVoAUVmgz7cU7zD/h9XZ0qzeosSHmUJVOzSQvvYSYWXkFXC+IfLKSIffhv0sVZup6pA==}

  /uniq@1.0.1:
    resolution: {integrity: sha512-Gw+zz50YNKPDKXs+9d+aKAjVwpjNwqzvNpLigIruT4HA9lMZNdMqs9x07kKHB/L9WRzqp4+DlTU5s4wG2esdoA==}
    dev: false

  /universalify@2.0.1:
    resolution: {integrity: sha512-gptHNQghINnc/vTGIk0SOFGFNXw7JVrlRUtConJRlvaw6DuX0wO5Jeko9sWrMBhh+PsYAZ7oXAiOnf/UKogyiw==}
    engines: {node: '>= 10.0.0'}
    dev: false

  /v8-compile-cache-lib@3.0.1:
    resolution: {integrity: sha512-wa7YjyUGfNZngI/vtK0UHAN+lgDCxBPCylVXGp0zu59Fz5aiGtNXaq3DhIov063MorB+VfufLh3JlF2KdTK3xg==}
    dev: true

  /web-streams-polyfill@3.3.2:
    resolution: {integrity: sha512-3pRGuxRF5gpuZc0W+EpwQRmCD7gRqcDOMt688KmdlDAgAyaB1XlN0zq2njfDNm44XVdIouE7pZ6GzbdyH47uIQ==}
    engines: {node: '>= 8'}
    dev: false

  /which@2.0.2:
    resolution: {integrity: sha512-BLI3Tl1TW3Pvl70l3yq3Y64i+awpwXqsGBYWkkqMtnbXgrMD+yj7rhW0kuEDxzJaYXGjEW5ogapKNMEKNMjibA==}
    engines: {node: '>= 8'}
    hasBin: true
    dependencies:
      isexe: 2.0.0

  /wrap-ansi@7.0.0:
    resolution: {integrity: sha512-YVGIj2kamLSTxw6NsZjoBxfSwsn0ycdesmc4p+Q21c5zPuZ1pl+NfxVdxPtdHvmNVOQ6XSYG4AUtyt/Fi7D16Q==}
    engines: {node: '>=10'}
    dependencies:
      ansi-styles: 4.3.0
      string-width: 4.2.3
      strip-ansi: 6.0.1
    dev: false

  /wrap-ansi@8.1.0:
    resolution: {integrity: sha512-si7QWI6zUMq56bESFvagtmzMdGOtoxfR+Sez11Mobfc7tm+VkUckk9bW2UeffTGVUbOksxmSw0AA2gs8g71NCQ==}
    engines: {node: '>=12'}
    dependencies:
      ansi-styles: 6.2.1
      string-width: 5.1.2
      strip-ansi: 7.1.0
    dev: false

  /yallist@4.0.0:
    resolution: {integrity: sha512-3wdGidZyq5PB084XLES5TpOSRA3wjXAlIWMhum2kRcv/41Sn2emQ0dycQW4uZXLejwKvg6EsvbdlVL+FYEct7A==}
    dev: true

  /yaml@2.3.4:
    resolution: {integrity: sha512-8aAvwVUSHpfEqTQ4w/KMlf3HcRdt50E5ODIQJBw1fQ5RL34xabzxtUlzTXVqc4rkZsPbvrXKWnABCD7kWSmocA==}
    engines: {node: '>= 14'}
    dev: false

  /yn@3.1.1:
    resolution: {integrity: sha512-Ux4ygGWsu2c7isFWe8Yu1YluJmqVhxqK2cLXNQA5AcC3QfbGNpM7fu0Y8b/z16pXLnFxZYvWhd3fhBY9DLmC6Q==}
    engines: {node: '>=6'}
    dev: true
